// !$*UTF8*$!
{
	archiveVersion = 1;
	classes = {
	};
	objectVersion = 46;
	objects = {

/* Begin PBXBuildFile section */
		BD3F93C61E03D11D00340F0E /* main.m in Sources */ = {isa = PBXBuildFile; fileRef = BD3F93C51E03D11D00340F0E /* main.m */; };
		BD3F93C91E03D11D00340F0E /* AppDelegate.m in Sources */ = {isa = PBXBuildFile; fileRef = BD3F93C81E03D11D00340F0E /* AppDelegate.m */; };
		BD3F93CF1E03D11D00340F0E /* Main.storyboard in Resources */ = {isa = PBXBuildFile; fileRef = BD3F93CD1E03D11D00340F0E /* Main.storyboard */; };
		BD3F93D21E03D11D00340F0E /* MyStore.xcdatamodeld in Sources */ = {isa = PBXBuildFile; fileRef = BD3F93D01E03D11D00340F0E /* MyStore.xcdatamodeld */; };
		BD3F93D41E03D11D00340F0E /* Assets.xcassets in Resources */ = {isa = PBXBuildFile; fileRef = BD3F93D31E03D11D00340F0E /* Assets.xcassets */; };
		BD3F93D71E03D11D00340F0E /* LaunchScreen.storyboard in Resources */ = {isa = PBXBuildFile; fileRef = BD3F93D51E03D11D00340F0E /* LaunchScreen.storyboard */; };
		BD3F93E01E03E59E00340F0E /* DeviceViewController.m in Sources */ = {isa = PBXBuildFile; fileRef = BD3F93DF1E03E59E00340F0E /* DeviceViewController.m */; };
		BD3F93E31E03E62700340F0E /* DeviceDetailViewController.m in Sources */ = {isa = PBXBuildFile; fileRef = BD3F93E21E03E62700340F0E /* DeviceDetailViewController.m */; };
/* End PBXBuildFile section */

/* Begin PBXFileReference section */
		BD3F93C11E03D11D00340F0E /* MyStore.app */ = {isa = PBXFileReference; explicitFileType = wrapper.application; includeInIndex = 0; path = MyStore.app; sourceTree = BUILT_PRODUCTS_DIR; };
		BD3F93C51E03D11D00340F0E /* main.m */ = {isa = PBXFileReference; lastKnownFileType = sourcecode.c.objc; path = main.m; sourceTree = "<group>"; };
		BD3F93C71E03D11D00340F0E /* AppDelegate.h */ = {isa = PBXFileReference; lastKnownFileType = sourcecode.c.h; path = AppDelegate.h; sourceTree = "<group>"; };
		BD3F93C81E03D11D00340F0E /* AppDelegate.m */ = {isa = PBXFileReference; lastKnownFileType = sourcecode.c.objc; path = AppDelegate.m; sourceTree = "<group>"; };
		BD3F93CE1E03D11D00340F0E /* Base */ = {isa = PBXFileReference; lastKnownFileType = file.storyboard; name = Base; path = Base.lproj/Main.storyboard; sourceTree = "<group>"; };
		BD3F93D11E03D11D00340F0E /* MyStore.xcdatamodel */ = {isa = PBXFileReference; lastKnownFileType = wrapper.xcdatamodel; path = MyStore.xcdatamodel; sourceTree = "<group>"; };
		BD3F93D31E03D11D00340F0E /* Assets.xcassets */ = {isa = PBXFileReference; lastKnownFileType = folder.assetcatalog; path = Assets.xcassets; sourceTree = "<group>"; };
		BD3F93D61E03D11D00340F0E /* Base */ = {isa = PBXFileReference; lastKnownFileType = file.storyboard; name = Base; path = Base.lproj/LaunchScreen.storyboard; sourceTree = "<group>"; };
		BD3F93D81E03D11D00340F0E /* Info.plist */ = {isa = PBXFileReference; lastKnownFileType = text.plist.xml; path = Info.plist; sourceTree = "<group>"; };
		BD3F93DE1E03E59E00340F0E /* DeviceViewController.h */ = {isa = PBXFileReference; fileEncoding = 4; lastKnownFileType = sourcecode.c.h; path = DeviceViewController.h; sourceTree = "<group>"; };
		BD3F93DF1E03E59E00340F0E /* DeviceViewController.m */ = {isa = PBXFileReference; fileEncoding = 4; lastKnownFileType = sourcecode.c.objc; path = DeviceViewController.m; sourceTree = "<group>"; };
		BD3F93E11E03E62700340F0E /* DeviceDetailViewController.h */ = {isa = PBXFileReference; fileEncoding = 4; lastKnownFileType = sourcecode.c.h; path = DeviceDetailViewController.h; sourceTree = "<group>"; };
		BD3F93E21E03E62700340F0E /* DeviceDetailViewController.m */ = {isa = PBXFileReference; fileEncoding = 4; lastKnownFileType = sourcecode.c.objc; path = DeviceDetailViewController.m; sourceTree = "<group>"; };
/* End PBXFileReference section */

/* Begin PBXFrameworksBuildPhase section */
		BD3F93BE1E03D11D00340F0E /* Frameworks */ = {
			isa = PBXFrameworksBuildPhase;
			buildActionMask = 2147483647;
			files = (
			);
			runOnlyForDeploymentPostprocessing = 0;
		};
/* End PBXFrameworksBuildPhase section */

/* Begin PBXGroup section */
		BD3F93B81E03D11D00340F0E = {
			isa = PBXGroup;
			children = (
				BD3F93C31E03D11D00340F0E /* MyStore */,
				BD3F93C21E03D11D00340F0E /* Products */,
			);
			sourceTree = "<group>";
		};
		BD3F93C21E03D11D00340F0E /* Products */ = {
			isa = PBXGroup;
			children = (
				BD3F93C11E03D11D00340F0E /* MyStore.app */,
			);
			name = Products;
			sourceTree = "<group>";
		};
		BD3F93C31E03D11D00340F0E /* MyStore */ = {
			isa = PBXGroup;
			children = (
				BD3F93C71E03D11D00340F0E /* AppDelegate.h */,
				BD3F93C81E03D11D00340F0E /* AppDelegate.m */,
				BD3F93DE1E03E59E00340F0E /* DeviceViewController.h */,
				BD3F93DF1E03E59E00340F0E /* DeviceViewController.m */,
				BD3F93E11E03E62700340F0E /* DeviceDetailViewController.h */,
				BD3F93E21E03E62700340F0E /* DeviceDetailViewController.m */,
				BD3F93CD1E03D11D00340F0E /* Main.storyboard */,
				BD3F93D51E03D11D00340F0E /* LaunchScreen.storyboard */,
				BD3F93D31E03D11D00340F0E /* Assets.xcassets */,
				BD3F93D81E03D11D00340F0E /* Info.plist */,
				BD3F93D01E03D11D00340F0E /* MyStore.xcdatamodeld */,
				BD3F93C41E03D11D00340F0E /* Supporting Files */,
			);
			path = MyStore;
			sourceTree = "<group>";
		};
		BD3F93C41E03D11D00340F0E /* Supporting Files */ = {
			isa = PBXGroup;
			children = (
				BD3F93C51E03D11D00340F0E /* main.m */,
			);
			name = "Supporting Files";
			sourceTree = "<group>";
		};
/* End PBXGroup section */

/* Begin PBXNativeTarget section */
		BD3F93C01E03D11D00340F0E /* MyStore */ = {
			isa = PBXNativeTarget;
			buildConfigurationList = BD3F93DB1E03D11D00340F0E /* Build configuration list for PBXNativeTarget "MyStore" */;
			buildPhases = (
				BD3F93BD1E03D11D00340F0E /* Sources */,
				BD3F93BE1E03D11D00340F0E /* Frameworks */,
				BD3F93BF1E03D11D00340F0E /* Resources */,
			);
			buildRules = (
			);
			dependencies = (
			);
			name = MyStore;
			productName = MyStore;
			productReference = BD3F93C11E03D11D00340F0E /* MyStore.app */;
			productType = "com.apple.product-type.application";
		};
/* End PBXNativeTarget section */

/* Begin PBXProject section */
		BD3F93B91E03D11D00340F0E /* Project object */ = {
			isa = PBXProject;
			attributes = {
				LastUpgradeCheck = 0810;
				ORGANIZATIONNAME = "Bhavin Gupta";
				TargetAttributes = {
					BD3F93C01E03D11D00340F0E = {
						CreatedOnToolsVersion = 8.1;
						DevelopmentTeam = XATRX3K7LY;
						ProvisioningStyle = Automatic;
					};
				};
			};
			buildConfigurationList = BD3F93BC1E03D11D00340F0E /* Build configuration list for PBXProject "MyStore" */;
			compatibilityVersion = "Xcode 3.2";
			developmentRegion = English;
			hasScannedForEncodings = 0;
			knownRegions = (
				en,
				Base,
			);
			mainGroup = BD3F93B81E03D11D00340F0E;
			productRefGroup = BD3F93C21E03D11D00340F0E /* Products */;
			projectDirPath = "";
			projectRoot = "";
			targets = (
				BD3F93C01E03D11D00340F0E /* MyStore */,
			);
		};
/* End PBXProject section */

/* Begin PBXResourcesBuildPhase section */
		BD3F93BF1E03D11D00340F0E /* Resources */ = {
			isa = PBXResourcesBuildPhase;
			buildActionMask = 2147483647;
			files = (
				BD3F93D71E03D11D00340F0E /* LaunchScreen.storyboard in Resources */,
				BD3F93D41E03D11D00340F0E /* Assets.xcassets in Resources */,
				BD3F93CF1E03D11D00340F0E /* Main.storyboard in Resources */,
			);
			runOnlyForDeploymentPostprocessing = 0;
		};
/* End PBXResourcesBuildPhase section */

/* Begin PBXSourcesBuildPhase section */
		BD3F93BD1E03D11D00340F0E /* Sources */ = {
			isa = PBXSourcesBuildPhase;
			buildActionMask = 2147483647;
			files = (
				BD3F93E01E03E59E00340F0E /* DeviceViewController.m in Sources */,
				BD3F93C91E03D11D00340F0E /* AppDelegate.m in Sources */,
				BD3F93E31E03E62700340F0E /* DeviceDetailViewController.m in Sources */,
				BD3F93C61E03D11D00340F0E /* main.m in Sources */,
				BD3F93D21E03D11D00340F0E /* MyStore.xcdatamodeld in Sources */,
			);
			runOnlyForDeploymentPostprocessing = 0;
		};
/* End PBXSourcesBuildPhase section */

/* Begin PBXVariantGroup section */
		BD3F93CD1E03D11D00340F0E /* Main.storyboard */ = {
			isa = PBXVariantGroup;
			children = (
				BD3F93CE1E03D11D00340F0E /* Base */,
			);
			name = Main.storyboard;
			sourceTree = "<group>";
		};
		BD3F93D51E03D11D00340F0E /* LaunchScreen.storyboard */ = {
			isa = PBXVariantGroup;
			children = (
				BD3F93D61E03D11D00340F0E /* Base */,
			);
			name = LaunchScreen.storyboard;
			sourceTree = "<group>";
		};
/* End PBXVariantGroup section */

/* Begin XCBuildConfiguration section */
		BD3F93D91E03D11D00340F0E /* Debug */ = {
			isa = XCBuildConfiguration;
			buildSettings = {
				ALWAYS_SEARCH_USER_PATHS = NO;
				CLANG_ANALYZER_NONNULL = YES;
				CLANG_CXX_LANGUAGE_STANDARD = "gnu++0x";
				CLANG_CXX_LIBRARY = "libc++";
				CLANG_ENABLE_MODULES = YES;
				CLANG_ENABLE_OBJC_ARC = YES;
				CLANG_WARN_BOOL_CONVERSION = YES;
				CLANG_WARN_CONSTANT_CONVERSION = YES;
				CLANG_WARN_DIRECT_OBJC_ISA_USAGE = YES_ERROR;
				CLANG_WARN_DOCUMENTATION_COMMENTS = YES;
				CLANG_WARN_EMPTY_BODY = YES;
				CLANG_WARN_ENUM_CONVERSION = YES;
				CLANG_WARN_INFINITE_RECURSION = YES;
				CLANG_WARN_INT_CONVERSION = YES;
				CLANG_WARN_OBJC_ROOT_CLASS = YES_ERROR;
				CLANG_WARN_SUSPICIOUS_MOVES = YES;
				CLANG_WARN_UNREACHABLE_CODE = YES;
				CLANG_WARN__DUPLICATE_METHOD_MATCH = YES;
				"CODE_SIGN_IDENTITY[sdk=iphoneos*]" = "iPhone Developer";
				COPY_PHASE_STRIP = NO;
				DEBUG_INFORMATION_FORMAT = dwarf;
				ENABLE_STRICT_OBJC_MSGSEND = YES;
				ENABLE_TESTABILITY = YES;
				GCC_C_LANGUAGE_STANDARD = gnu99;
				GCC_DYNAMIC_NO_PIC = NO;
				GCC_NO_COMMON_BLOCKS = YES;
				GCC_OPTIMIZATION_LEVEL = 0;
				GCC_PREPROCESSOR_DEFINITIONS = (
					"DEBUG=1",
					"$(inherited)",
				);
				GCC_WARN_64_TO_32_BIT_CONVERSION = YES;
				GCC_WARN_ABOUT_RETURN_TYPE = YES_ERROR;
				GCC_WARN_UNDECLARED_SELECTOR = YES;
				GCC_WARN_UNINITIALIZED_AUTOS = YES_AGGRESSIVE;
				GCC_WARN_UNUSED_FUNCTION = YES;
				GCC_WARN_UNUSED_VARIABLE = YES;
				IPHONEOS_DEPLOYMENT_TARGET = 8.0;
				MTL_ENABLE_DEBUG_INFO = YES;
				ONLY_ACTIVE_ARCH = YES;
				SDKROOT = iphoneos;
			};
			name = Debug;
		};
		BD3F93DA1E03D11D00340F0E /* Release */ = {
			isa = XCBuildConfiguration;
			buildSettings = {
				ALWAYS_SEARCH_USER_PATHS = NO;
				CLANG_ANALYZER_NONNULL = YES;
				CLANG_CXX_LANGUAGE_STANDARD = "gnu++0x";
				CLANG_CXX_LIBRARY = "libc++";
				CLANG_ENABLE_MODULES = YES;
				CLANG_ENABLE_OBJC_ARC = YES;
				CLANG_WARN_BOOL_CONVERSION = YES;
				CLANG_WARN_CONSTANT_CONVERSION = YES;
				CLANG_WARN_DIRECT_OBJC_ISA_USAGE = YES_ERROR;
				CLANG_WARN_DOCUMENTATION_COMMENTS = YES;
				CLANG_WARN_EMPTY_BODY = YES;
				CLANG_WARN_ENUM_CONVERSION = YES;
				CLANG_WARN_INFINITE_RECURSION = YES;
				CLANG_WARN_INT_CONVERSION = YES;
				CLANG_WARN_OBJC_ROOT_CLASS = YES_ERROR;
				CLANG_WARN_SUSPICIOUS_MOVES = YES;
				CLANG_WARN_UNREACHABLE_CODE = YES;
				CLANG_WARN__DUPLICATE_METHOD_MATCH = YES;
				"CODE_SIGN_IDENTITY[sdk=iphoneos*]" = "iPhone Developer";
				COPY_PHASE_STRIP = NO;
				DEBUG_INFORMATION_FORMAT = "dwarf-with-dsym";
				ENABLE_NS_ASSERTIONS = NO;
				ENABLE_STRICT_OBJC_MSGSEND = YES;
				GCC_C_LANGUAGE_STANDARD = gnu99;
				GCC_NO_COMMON_BLOCKS = YES;
				GCC_WARN_64_TO_32_BIT_CONVERSION = YES;
				GCC_WARN_ABOUT_RETURN_TYPE = YES_ERROR;
				GCC_WARN_UNDECLARED_SELECTOR = YES;
				GCC_WARN_UNINITIALIZED_AUTOS = YES_AGGRESSIVE;
				GCC_WARN_UNUSED_FUNCTION = YES;
				GCC_WARN_UNUSED_VARIABLE = YES;
				IPHONEOS_DEPLOYMENT_TARGET = 8.0;
				MTL_ENABLE_DEBUG_INFO = NO;
				SDKROOT = iphoneos;
				VALIDATE_PRODUCT = YES;
			};
			name = Release;
		};
		BD3F93DC1E03D11D00340F0E /* Debug */ = {
			isa = XCBuildConfiguration;
			buildSettings = {
				ASSETCATALOG_COMPILER_APPICON_NAME = AppIcon;
				CODE_SIGN_IDENTITY = "iPhone Developer";
				"CODE_SIGN_IDENTITY[sdk=iphoneos*]" = "iPhone Developer";
				DEVELOPMENT_TEAM = XATRX3K7LY;
				INFOPLIST_FILE = MyStore/Info.plist;
				IPHONEOS_DEPLOYMENT_TARGET = 8.0;
				LD_RUNPATH_SEARCH_PATHS = "$(inherited) @executable_path/Frameworks";
				PRODUCT_BUNDLE_IDENTIFIER = com.easypay.MyStore;
				PRODUCT_NAME = "$(TARGET_NAME)";
				TARGETED_DEVICE_FAMILY = 2;
			};
			name = Debug;
		};
		BD3F93DD1E03D11D00340F0E /* Release */ = {
			isa = XCBuildConfiguration;
			buildSettings = {
				ASSETCATALOG_COMPILER_APPICON_NAME = AppIcon;
				CODE_SIGN_IDENTITY = "iPhone Developer";
				"CODE_SIGN_IDENTITY[sdk=iphoneos*]" = "iPhone Developer";
				DEVELOPMENT_TEAM = XATRX3K7LY;
				INFOPLIST_FILE = MyStore/Info.plist;
				IPHONEOS_DEPLOYMENT_TARGET = 8.0;
				LD_RUNPATH_SEARCH_PATHS = "$(inherited) @executable_path/Frameworks";
				PRODUCT_BUNDLE_IDENTIFIER = com.easypay.MyStore;
				PRODUCT_NAME = "$(TARGET_NAME)";
				TARGETED_DEVICE_FAMILY = 2;
			};
			name = Release;
		};
/* End XCBuildConfiguration section */

/* Begin XCConfigurationList section */
		BD3F93BC1E03D11D00340F0E /* Build configuration list for PBXProject "MyStore" */ = {
			isa = XCConfigurationList;
			buildConfigurations = (
				BD3F93D91E03D11D00340F0E /* Debug */,
				BD3F93DA1E03D11D00340F0E /* Release */,
			);
			defaultConfigurationIsVisible = 0;
			defaultConfigurationName = Release;
		};
		BD3F93DB1E03D11D00340F0E /* Build configuration list for PBXNativeTarget "MyStore" */ = {
			isa = XCConfigurationList;
			buildConfigurations = (
				BD3F93DC1E03D11D00340F0E /* Debug */,
				BD3F93DD1E03D11D00340F0E /* Release */,
			);
			defaultConfigurationIsVisible = 0;
		};
/* End XCConfigurationList section */

/* Begin XCVersionGroup section */
		BD3F93D01E03D11D00340F0E /* MyStore.xcdatamodeld */ = {
			isa = XCVersionGroup;
			children = (
				BD3F93D11E03D11D00340F0E /* MyStore.xcdatamodel */,
			);
			currentVersion = BD3F93D11E03D11D00340F0E /* MyStore.xcdatamodel */;
			path = MyStore.xcdatamodeld;
			sourceTree = "<group>";
			versionGroupType = wrapper.xcdatamodel;
		};
/* End XCVersionGroup section */
	};
	rootObject = BD3F93B91E03D11D00340F0E /* Project object */;
}
